
Microsoft Visual Studio Solution File, Format Version 12.00
# Visual Studio Version 17
VisualStudioVersion = 17.0.31903.59
MinimumVisualStudioVersion = 10.0.40219.1
Project("{FAE04EC0-301F-11D3-BF4B-00C04F79EFBC}") = "AgendamentoMedico.Domain", "AgendamentoMedico.Domain\AgendamentoMedico.Domain.csproj", "{42D76A8C-4557-4252-8A22-6A16436EC9DD}"
EndProject
Project("{FAE04EC0-301F-11D3-BF4B-00C04F79EFBC}") = "AgendamentoMedico.Application", "AgendamentoMedico.Application\AgendamentoMedico.Application.csproj", "{BFE49BD4-0029-4AD4-A59E-C7A57A918799}"
EndProject
Project("{FAE04EC0-301F-11D3-BF4B-00C04F79EFBC}") = "AgendamentoMedico.Infrastructure", "AgendamentoMedico.Infrastructure\AgendamentoMedico.Infrastructure.csproj", "{106BB906-63AF-47AD-A85D-D9A01FD864BF}"
EndProject
Project("{FAE04EC0-301F-11D3-BF4B-00C04F79EFBC}") = "AgendamentoMedico.Presentation", "AgendamentoMedico.Presentation\AgendamentoMedico.Presentation.csproj", "{9A578DF7-77E2-401D-AEB9-E058D8FA44F9}"
EndProject
Global
	GlobalSection(SolutionConfigurationPlatforms) = preSolution
		Debug|Any CPU = Debug|Any CPU
		Debug|x64 = Debug|x64
		Debug|x86 = Debug|x86
		Release|Any CPU = Release|Any CPU
		Release|x64 = Release|x64
		Release|x86 = Release|x86
	EndGlobalSection
	GlobalSection(ProjectConfigurationPlatforms) = postSolution
		{42D76A8C-4557-4252-8A22-6A16436EC9DD}.Debug|Any CPU.ActiveCfg = Debug|Any CPU
		{42D76A8C-4557-4252-8A22-6A16436EC9DD}.Debug|Any CPU.Build.0 = Debug|Any CPU
		{42D76A8C-4557-4252-8A22-6A16436EC9DD}.Debug|x64.ActiveCfg = Debug|Any CPU
		{42D76A8C-4557-4252-8A22-6A16436EC9DD}.Debug|x64.Build.0 = Debug|Any CPU
		{42D76A8C-4557-4252-8A22-6A16436EC9DD}.Debug|x86.ActiveCfg = Debug|Any CPU
		{42D76A8C-4557-4252-8A22-6A16436EC9DD}.Debug|x86.Build.0 = Debug|Any CPU
		{42D76A8C-4557-4252-8A22-6A16436EC9DD}.Release|Any CPU.ActiveCfg = Release|Any CPU
		{42D76A8C-4557-4252-8A22-6A16436EC9DD}.Release|Any CPU.Build.0 = Release|Any CPU
		{42D76A8C-4557-4252-8A22-6A16436EC9DD}.Release|x64.ActiveCfg = Release|Any CPU
		{42D76A8C-4557-4252-8A22-6A16436EC9DD}.Release|x64.Build.0 = Release|Any CPU
		{42D76A8C-4557-4252-8A22-6A16436EC9DD}.Release|x86.ActiveCfg = Release|Any CPU
		{42D76A8C-4557-4252-8A22-6A16436EC9DD}.Release|x86.Build.0 = Release|Any CPU
		{BFE49BD4-0029-4AD4-A59E-C7A57A918799}.Debug|Any CPU.ActiveCfg = Debug|Any CPU
		{BFE49BD4-0029-4AD4-A59E-C7A57A918799}.Debug|Any CPU.Build.0 = Debug|Any CPU
		{BFE49BD4-0029-4AD4-A59E-C7A57A918799}.Debug|x64.ActiveCfg = Debug|Any CPU
		{BFE49BD4-0029-4AD4-A59E-C7A57A918799}.Debug|x64.Build.0 = Debug|Any CPU
		{BFE49BD4-0029-4AD4-A59E-C7A57A918799}.Debug|x86.ActiveCfg = Debug|Any CPU
		{BFE49BD4-0029-4AD4-A59E-C7A57A918799}.Debug|x86.Build.0 = Debug|Any CPU
		{BFE49BD4-0029-4AD4-A59E-C7A57A918799}.Release|Any CPU.ActiveCfg = Release|Any CPU
		{BFE49BD4-0029-4AD4-A59E-C7A57A918799}.Release|Any CPU.Build.0 = Release|Any CPU
		{BFE49BD4-0029-4AD4-A59E-C7A57A918799}.Release|x64.ActiveCfg = Release|Any CPU
		{BFE49BD4-0029-4AD4-A59E-C7A57A918799}.Release|x64.Build.0 = Release|Any CPU
		{BFE49BD4-0029-4AD4-A59E-C7A57A918799}.Release|x86.ActiveCfg = Release|Any CPU
		{BFE49BD4-0029-4AD4-A59E-C7A57A918799}.Release|x86.Build.0 = Release|Any CPU
		{106BB906-63AF-47AD-A85D-D9A01FD864BF}.Debug|Any CPU.ActiveCfg = Debug|Any CPU
		{106BB906-63AF-47AD-A85D-D9A01FD864BF}.Debug|Any CPU.Build.0 = Debug|Any CPU
		{106BB906-63AF-47AD-A85D-D9A01FD864BF}.Debug|x64.ActiveCfg = Debug|Any CPU
		{106BB906-63AF-47AD-A85D-D9A01FD864BF}.Debug|x64.Build.0 = Debug|Any CPU
		{106BB906-63AF-47AD-A85D-D9A01FD864BF}.Debug|x86.ActiveCfg = Debug|Any CPU
		{106BB906-63AF-47AD-A85D-D9A01FD864BF}.Debug|x86.Build.0 = Debug|Any CPU
		{106BB906-63AF-47AD-A85D-D9A01FD864BF}.Release|Any CPU.ActiveCfg = Release|Any CPU
		{106BB906-63AF-47AD-A85D-D9A01FD864BF}.Release|Any CPU.Build.0 = Release|Any CPU
		{106BB906-63AF-47AD-A85D-D9A01FD864BF}.Release|x64.ActiveCfg = Release|Any CPU
		{106BB906-63AF-47AD-A85D-D9A01FD864BF}.Release|x64.Build.0 = Release|Any CPU
		{106BB906-63AF-47AD-A85D-D9A01FD864BF}.Release|x86.ActiveCfg = Release|Any CPU
		{106BB906-63AF-47AD-A85D-D9A01FD864BF}.Release|x86.Build.0 = Release|Any CPU
		{9A578DF7-77E2-401D-AEB9-E058D8FA44F9}.Debug|Any CPU.ActiveCfg = Debug|Any CPU
		{9A578DF7-77E2-401D-AEB9-E058D8FA44F9}.Debug|Any CPU.Build.0 = Debug|Any CPU
		{9A578DF7-77E2-401D-AEB9-E058D8FA44F9}.Debug|x64.ActiveCfg = Debug|Any CPU
		{9A578DF7-77E2-401D-AEB9-E058D8FA44F9}.Debug|x64.Build.0 = Debug|Any CPU
		{9A578DF7-77E2-401D-AEB9-E058D8FA44F9}.Debug|x86.ActiveCfg = Debug|Any CPU
		{9A578DF7-77E2-401D-AEB9-E058D8FA44F9}.Debug|x86.Build.0 = Debug|Any CPU
		{9A578DF7-77E2-401D-AEB9-E058D8FA44F9}.Release|Any CPU.ActiveCfg = Release|Any CPU
		{9A578DF7-77E2-401D-AEB9-E058D8FA44F9}.Release|Any CPU.Build.0 = Release|Any CPU
		{9A578DF7-77E2-401D-AEB9-E058D8FA44F9}.Release|x64.ActiveCfg = Release|Any CPU
		{9A578DF7-77E2-401D-AEB9-E058D8FA44F9}.Release|x64.Build.0 = Release|Any CPU
		{9A578DF7-77E2-401D-AEB9-E058D8FA44F9}.Release|x86.ActiveCfg = Release|Any CPU
		{9A578DF7-77E2-401D-AEB9-E058D8FA44F9}.Release|x86.Build.0 = Release|Any CPU
	EndGlobalSection
	GlobalSection(SolutionProperties) = preSolution
		HideSolutionNode = FALSE
	EndGlobalSection
EndGlobal
